{
    "_readme": [
        "This file locks the dependencies of your project to a known state",
        "Read more about it at https://getcomposer.org/doc/01-basic-usage.md#installing-dependencies",
        "This file is @generated automatically"
    ],
    "content-hash": "ce979670c16e39c68421c398bc713025",
    "packages": [
        {
            "name": "bemailr/wp-requirements",
            "version": "2.0.3",
            "source": {
                "type": "git",
                "url": "https://github.com/bemailr/wp-requirements.git",
                "reference": "e903973b0dfc1178f89c757bd205327811ea4658"
            },
            "dist": {
                "type": "zip",
                "url": "https://api.github.com/repos/bemailr/wp-requirements/zipball/e903973b0dfc1178f89c757bd205327811ea4658",
                "reference": "e903973b0dfc1178f89c757bd205327811ea4658",
                "shasum": ""
            },
            "type": "library",
            "notification-url": "https://packagist.org/downloads/",
            "license": [
                "GPL-3.0"
            ],
            "description": "A helpful library for checking the prerequisites when activating / running a WordPress plugin.",
            "keywords": [
                "wordpress"
            ],
            "support": {
                "issues": "https://github.com/bemailr/wp-requirements/issues",
                "source": "https://github.com/bemailr/wp-requirements/tree/develop"
            },
            "time": "2016-10-18T23:09:16+00:00"
        },
        {
            "name": "tivwp/updater",
            "version": "1.0.10",
            "source": {
                "type": "git",
                "url": "https://bitbucket.org/tivwp/tivwp-updater.git",
                "reference": "c380367c0e30359c16dde53d023208e349257be2"
            },
            "dist": {
                "type": "zip",
                "url": "https://bitbucket.org/tivwp/tivwp-updater/get/c380367c0e30359c16dde53d023208e349257be2.zip",
                "reference": "c380367c0e30359c16dde53d023208e349257be2",
                "shasum": ""
            },
            "type": "library",
            "license": [
                "GPL-3.0"
            ],
            "authors": [
                {
                    "name": "Gregory Karpinsky",
                    "email": "gregory@tiv.net"
                }
            ],
            "description": "Interface to WooCommerce API Manager",
            "homepage": "https://bitbucket.org/tivwp/tivwp-updater",
            "support": {
                "source": "https://bitbucket.org/tivwp/tivwp-updater/src/c380367c0e30359c16dde53d023208e349257be2/?at=1.0.10"
            },
            "time": "2020-12-25T19:34:18+00:00"
        }
    ],
    "packages-dev": [],
    "aliases": [],
    "minimum-stability": "stable",
    "stability-flags": [],
    "prefer-stable": false,
    "prefer-lowest": false,
    "platform": [],
    "platform-dev": [],
    "plugin-api-version": "2.0.0"
}
